
Microsoft Visual Studio Solution File, Format Version 12.00
# Visual Studio Version 17
VisualStudioVersion = 17.2.32526.322
MinimumVisualStudioVersion = 10.0.40219.1
Project("{FAE04EC0-301F-11D3-BF4B-00C04F79EFBC}") = "LinqTutorial", "LinqTutorial.csproj", "{47DB4386-0679-41E7-9B9B-BF64B46E3C0F}"
EndProject
Global
	GlobalSection(SolutionConfigurationPlatforms) = preSolution
		Debug|Any CPU = Debug|Any CPU
		Release|Any CPU = Release|Any CPU
	EndGlobalSection
	GlobalSection(ProjectConfigurationPlatforms) = postSolution
		{47DB4386-0679-41E7-9B9B-BF64B46E3C0F}.Debug|Any CPU.ActiveCfg = Debug|Any CPU
		{47DB4386-0679-41E7-9B9B-BF64B46E3C0F}.Debug|Any CPU.Build.0 = Debug|Any CPU
		{47DB4386-0679-41E7-9B9B-BF64B46E3C0F}.Release|Any CPU.ActiveCfg = Release|Any CPU
		{47DB4386-0679-41E7-9B9B-BF64B46E3C0F}.Release|Any CPU.Build.0 = Release|Any CPU
	EndGlobalSection
	GlobalSection(SolutionProperties) = preSolution
		HideSolutionNode = FALSE
	EndGlobalSection
	GlobalSection(ExtensibilityGlobals) = postSolution
		SolutionGuid = {703E02FC-7E5A-42AF-AD21-20D00A3B27F1}
	EndGlobalSection
EndGlobal
